
Microsoft Visual Studio Solution File, Format Version 12.00
# Visual Studio Version 16
VisualStudioVersion = 16.0.29311.281
MinimumVisualStudioVersion = 10.0.40219.1
Project("{FAE04EC0-301F-11D3-BF4B-00C04F79EFBC}") = "App1.Android", "App1\App1.Android\App1.Android.csproj", "{7BF743D7-A7D3-429D-A010-58963F8B9E15}"
EndProject
Project("{FAE04EC0-301F-11D3-BF4B-00C04F79EFBC}") = "App1", "App1\App1\App1.csproj", "{B5CAAD2C-1080-4A3F-A684-643905CF5196}"
EndProject
Global
	GlobalSection(SolutionConfigurationPlatforms) = preSolution
		Debug|Any CPU = Debug|Any CPU
		Release|Any CPU = Release|Any CPU
	EndGlobalSection
	GlobalSection(ProjectConfigurationPlatforms) = postSolution
		{7BF743D7-A7D3-429D-A010-58963F8B9E15}.Debug|Any CPU.ActiveCfg = Debug|Any CPU
		{7BF743D7-A7D3-429D-A010-58963F8B9E15}.Debug|Any CPU.Build.0 = Debug|Any CPU
		{7BF743D7-A7D3-429D-A010-58963F8B9E15}.Debug|Any CPU.Deploy.0 = Debug|Any CPU
		{7BF743D7-A7D3-429D-A010-58963F8B9E15}.Release|Any CPU.ActiveCfg = Release|Any CPU
		{7BF743D7-A7D3-429D-A010-58963F8B9E15}.Release|Any CPU.Build.0 = Release|Any CPU
		{7BF743D7-A7D3-429D-A010-58963F8B9E15}.Release|Any CPU.Deploy.0 = Release|Any CPU
		{B5CAAD2C-1080-4A3F-A684-643905CF5196}.Debug|Any CPU.ActiveCfg = Debug|Any CPU
		{B5CAAD2C-1080-4A3F-A684-643905CF5196}.Debug|Any CPU.Build.0 = Debug|Any CPU
		{B5CAAD2C-1080-4A3F-A684-643905CF5196}.Debug|Any CPU.Deploy.0 = Debug|Any CPU
		{B5CAAD2C-1080-4A3F-A684-643905CF5196}.Release|Any CPU.ActiveCfg = Release|Any CPU
		{B5CAAD2C-1080-4A3F-A684-643905CF5196}.Release|Any CPU.Build.0 = Release|Any CPU
		{B5CAAD2C-1080-4A3F-A684-643905CF5196}.Release|Any CPU.Deploy.0 = Release|Any CPU
	EndGlobalSection
	GlobalSection(SolutionProperties) = preSolution
		HideSolutionNode = FALSE
	EndGlobalSection
	GlobalSection(ExtensibilityGlobals) = postSolution
		SolutionGuid = {66F0BCDC-7D86-4CE0-8B4E-259207F92D40}
	EndGlobalSection
EndGlobal
